# This file is automatically @generated by Poetry 1.7.0 and should not be changed by hand.

[[package]]
name = "django-mathfilters"
version = "1.0.0"
description = "A set of simple math filters for Django"
optional = false
python-versions = "*"
files = [
    {file = "django-mathfilters-1.0.0.tar.gz", hash = "sha256:c9b892ef6dfc893683e75cfd0279c187a601ca68f4684c38f9da44657fb64b07"},
    {file = "django_mathfilters-1.0.0-py3-none-any.whl", hash = "sha256:64200a21bb249fbf27be601d4bbb788779e09c6e063170c097cd82c4d18ebb83"},
]

[metadata]
lock-version = "2.0"
python-versions = ">=3.10,<3.12"
content-hash = "e9080356042a9fba788ea4e6fad794b242526d77e26139b5b67e0a52040169e8"
